
Microsoft Visual Studio Solution File, Format Version 12.00
# Visual Studio Version 17
VisualStudioVersion = 17.0.31912.275
MinimumVisualStudioVersion = 10.0.40219.1
Project("{9A19103F-16F7-4668-BE54-9A1E7A4F7556}") = "FactoryPattern", "src\FactoryPattern\FactoryPattern.csproj", "{FA0E942B-8AF3-4A44-A4D3-5FDCFD6C4964}"
EndProject
Project("{FAE04EC0-301F-11D3-BF4B-00C04F79EFBC}") = "AbstractFactoryPattern", "src\AbstractFactoryPattern\AbstractFactoryPattern.csproj", "{6A747F79-784A-4B99-8BFE-C2E8B827DA34}"
EndProject
Project("{2150E333-8FDC-42A3-9474-1A3956D46DE8}") = "1_工厂模式", "1_工厂模式", "{A803929D-4142-4A81-AF8D-14E775D0FD0B}"
EndProject
Project("{2150E333-8FDC-42A3-9474-1A3956D46DE8}") = "2_抽象工厂模式", "2_抽象工厂模式", "{FE05B124-107E-4322-B7F1-369AB476D7D6}"
EndProject
Global
	GlobalSection(SolutionConfigurationPlatforms) = preSolution
		Debug|Any CPU = Debug|Any CPU
		Debug|x64 = Debug|x64
		Debug|x86 = Debug|x86
		Release|Any CPU = Release|Any CPU
		Release|x64 = Release|x64
		Release|x86 = Release|x86
	EndGlobalSection
	GlobalSection(ProjectConfigurationPlatforms) = postSolution
		{FA0E942B-8AF3-4A44-A4D3-5FDCFD6C4964}.Debug|Any CPU.ActiveCfg = Debug|Any CPU
		{FA0E942B-8AF3-4A44-A4D3-5FDCFD6C4964}.Debug|Any CPU.Build.0 = Debug|Any CPU
		{FA0E942B-8AF3-4A44-A4D3-5FDCFD6C4964}.Debug|x64.ActiveCfg = Debug|Any CPU
		{FA0E942B-8AF3-4A44-A4D3-5FDCFD6C4964}.Debug|x64.Build.0 = Debug|Any CPU
		{FA0E942B-8AF3-4A44-A4D3-5FDCFD6C4964}.Debug|x86.ActiveCfg = Debug|Any CPU
		{FA0E942B-8AF3-4A44-A4D3-5FDCFD6C4964}.Debug|x86.Build.0 = Debug|Any CPU
		{FA0E942B-8AF3-4A44-A4D3-5FDCFD6C4964}.Release|Any CPU.ActiveCfg = Release|Any CPU
		{FA0E942B-8AF3-4A44-A4D3-5FDCFD6C4964}.Release|Any CPU.Build.0 = Release|Any CPU
		{FA0E942B-8AF3-4A44-A4D3-5FDCFD6C4964}.Release|x64.ActiveCfg = Release|Any CPU
		{FA0E942B-8AF3-4A44-A4D3-5FDCFD6C4964}.Release|x64.Build.0 = Release|Any CPU
		{FA0E942B-8AF3-4A44-A4D3-5FDCFD6C4964}.Release|x86.ActiveCfg = Release|Any CPU
		{FA0E942B-8AF3-4A44-A4D3-5FDCFD6C4964}.Release|x86.Build.0 = Release|Any CPU
		{6A747F79-784A-4B99-8BFE-C2E8B827DA34}.Debug|Any CPU.ActiveCfg = Debug|Any CPU
		{6A747F79-784A-4B99-8BFE-C2E8B827DA34}.Debug|Any CPU.Build.0 = Debug|Any CPU
		{6A747F79-784A-4B99-8BFE-C2E8B827DA34}.Debug|x64.ActiveCfg = Debug|Any CPU
		{6A747F79-784A-4B99-8BFE-C2E8B827DA34}.Debug|x64.Build.0 = Debug|Any CPU
		{6A747F79-784A-4B99-8BFE-C2E8B827DA34}.Debug|x86.ActiveCfg = Debug|Any CPU
		{6A747F79-784A-4B99-8BFE-C2E8B827DA34}.Debug|x86.Build.0 = Debug|Any CPU
		{6A747F79-784A-4B99-8BFE-C2E8B827DA34}.Release|Any CPU.ActiveCfg = Release|Any CPU
		{6A747F79-784A-4B99-8BFE-C2E8B827DA34}.Release|Any CPU.Build.0 = Release|Any CPU
		{6A747F79-784A-4B99-8BFE-C2E8B827DA34}.Release|x64.ActiveCfg = Release|Any CPU
		{6A747F79-784A-4B99-8BFE-C2E8B827DA34}.Release|x64.Build.0 = Release|Any CPU
		{6A747F79-784A-4B99-8BFE-C2E8B827DA34}.Release|x86.ActiveCfg = Release|Any CPU
		{6A747F79-784A-4B99-8BFE-C2E8B827DA34}.Release|x86.Build.0 = Release|Any CPU
	EndGlobalSection
	GlobalSection(SolutionProperties) = preSolution
		HideSolutionNode = FALSE
	EndGlobalSection
	GlobalSection(NestedProjects) = preSolution
		{FA0E942B-8AF3-4A44-A4D3-5FDCFD6C4964} = {A803929D-4142-4A81-AF8D-14E775D0FD0B}
		{6A747F79-784A-4B99-8BFE-C2E8B827DA34} = {FE05B124-107E-4322-B7F1-369AB476D7D6}
	EndGlobalSection
	GlobalSection(ExtensibilityGlobals) = postSolution
		SolutionGuid = {16EB2821-2690-4FB9-9010-87928455E735}
	EndGlobalSection
EndGlobal
