
Microsoft Visual Studio Solution File, Format Version 12.00
# Visual Studio Version 17
VisualStudioVersion = 17.0.31919.166
MinimumVisualStudioVersion = 10.0.40219.1
Project("{9A19103F-16F7-4668-BE54-9A1E7A4F7556}") = "FactoryPattern", "src\FactoryPattern\FactoryPattern.csproj", "{FA0E942B-8AF3-4A44-A4D3-5FDCFD6C4964}"
EndProject
Project("{9A19103F-16F7-4668-BE54-9A1E7A4F7556}") = "AbstractFactoryPattern", "src\AbstractFactoryPattern\AbstractFactoryPattern.csproj", "{6A747F79-784A-4B99-8BFE-C2E8B827DA34}"
EndProject
Project("{2150E333-8FDC-42A3-9474-1A3956D46DE8}") = "工厂模式", "工厂模式", "{A803929D-4142-4A81-AF8D-14E775D0FD0B}"
EndProject
Project("{2150E333-8FDC-42A3-9474-1A3956D46DE8}") = "抽象工厂模式", "抽象工厂模式", "{FE05B124-107E-4322-B7F1-369AB476D7D6}"
EndProject
Project("{2150E333-8FDC-42A3-9474-1A3956D46DE8}") = "单例模式", "单例模式", "{382B3FE6-87E7-4476-B71A-111B766AA742}"
EndProject
Project("{9A19103F-16F7-4668-BE54-9A1E7A4F7556}") = "SingletonPattern", "src\SingletonPattern\SingletonPattern.csproj", "{920AE531-92E4-4248-B2ED-3E908548E4E0}"
EndProject
Project("{9A19103F-16F7-4668-BE54-9A1E7A4F7556}") = "DecoratorPattern", "src\DecoratorPattern\DecoratorPattern.csproj", "{9537C55D-56DF-4108-9D03-440D8ED406B5}"
EndProject
Project("{2150E333-8FDC-42A3-9474-1A3956D46DE8}") = "装饰器模式", "装饰器模式", "{37B40B8F-3914-4F1A-8A26-230F3D7E58BE}"
EndProject
Project("{2150E333-8FDC-42A3-9474-1A3956D46DE8}") = "代理模式", "代理模式", "{023FE1D5-4697-417E-AA77-4E9B614C5C7C}"
EndProject
Project("{9A19103F-16F7-4668-BE54-9A1E7A4F7556}") = "ProxyPattern", "src\ProxyPattern\ProxyPattern.csproj", "{865C37DF-0B7B-46D1-B2FA-1D3D6EF3C7AD}"
EndProject
Project("{2150E333-8FDC-42A3-9474-1A3956D46DE8}") = "工厂方法模式", "工厂方法模式", "{F3B4F02D-C7BB-4926-A517-4FB68095B9FF}"
EndProject
Project("{2150E333-8FDC-42A3-9474-1A3956D46DE8}") = "原型模式", "原型模式", "{B4D670FF-C8EB-4DD2-B99F-1712446CF9C3}"
EndProject
Project("{9A19103F-16F7-4668-BE54-9A1E7A4F7556}") = "PrototypePattern", "src\PrototypePattern\PrototypePattern.csproj", "{7C33DD69-0C87-4BFF-B50E-4AB15AFF20D5}"
EndProject
Project("{2150E333-8FDC-42A3-9474-1A3956D46DE8}") = "外观模式", "外观模式", "{2985D480-D3D3-4C94-8F72-07BBA41703FB}"
EndProject
Project("{9A19103F-16F7-4668-BE54-9A1E7A4F7556}") = "FacadePattern", "src\FacadePattern\FacadePattern.csproj", "{8CAF5D50-FC19-4B55-800F-1FCAAFF5B474}"
EndProject
Project("{2150E333-8FDC-42A3-9474-1A3956D46DE8}") = "建造者模式", "建造者模式", "{BEAFEFF7-7D3B-4725-92DD-931F7D9FFDEF}"
EndProject
Project("{9A19103F-16F7-4668-BE54-9A1E7A4F7556}") = "BuilderPattern", "src\BuilderPattern\BuilderPattern.csproj", "{968EDCC2-5B71-48F2-AD00-1D8EBC01F7BC}"
EndProject
Project("{2150E333-8FDC-42A3-9474-1A3956D46DE8}") = "观察者模式", "观察者模式", "{8C195587-07FB-48AA-B1F2-F848FB264F1C}"
EndProject
Project("{9A19103F-16F7-4668-BE54-9A1E7A4F7556}") = "ObserverPattern", "src\ObserverPattern\ObserverPattern.csproj", "{18714705-9A81-4358-BC27-85A98A72FD61}"
EndProject
Project("{9A19103F-16F7-4668-BE54-9A1E7A4F7556}") = "FactoryMethodPattern", "src\FactoryMethodPattern\FactoryMethodPattern.csproj", "{C8658EE4-25D7-4EAE-9615-5FD3BAFDB493}"
EndProject
Project("{2150E333-8FDC-42A3-9474-1A3956D46DE8}") = "模板方法模式", "模板方法模式", "{355D0D87-1CD7-49CB-BB87-8D272E4F74B4}"
EndProject
Project("{9A19103F-16F7-4668-BE54-9A1E7A4F7556}") = "TemplateMethodPattern", "src\TemplateMethodPattern\TemplateMethodPattern.csproj", "{58A90104-E62E-4BC9-AA0E-1D59FCF1B3D6}"
EndProject
Project("{2150E333-8FDC-42A3-9474-1A3956D46DE8}") = "策略模式", "策略模式", "{44FFD47C-0A4F-4422-B4EF-C344C51A8F87}"
EndProject
Project("{9A19103F-16F7-4668-BE54-9A1E7A4F7556}") = "StrategyPattern", "src\StrategyPattern\StrategyPattern.csproj", "{279E7CE7-5BBB-4A83-8089-9C6ECB47D6F5}"
EndProject
Project("{2150E333-8FDC-42A3-9474-1A3956D46DE8}") = "状态模式", "状态模式", "{226AF5B3-BD84-442D-B78B-FFF1E7738696}"
EndProject
Project("{9A19103F-16F7-4668-BE54-9A1E7A4F7556}") = "StatePattern", "src\StatePattern\StatePattern.csproj", "{416F3701-8820-446A-8E57-28E3126EDFD4}"
EndProject
Project("{2150E333-8FDC-42A3-9474-1A3956D46DE8}") = "适配器模式", "适配器模式", "{AF84C38A-777C-41DE-A240-1E604BADF32C}"
EndProject
Project("{9A19103F-16F7-4668-BE54-9A1E7A4F7556}") = "AdapterPattern", "src\AdapterPattern\AdapterPattern.csproj", "{A76EA12E-7E8A-43F3-A572-6EEB46A958F9}"
EndProject
Project("{2150E333-8FDC-42A3-9474-1A3956D46DE8}") = "备忘录模式", "备忘录模式", "{AD567C17-5E5D-4692-8490-294D6F97F7F6}"
EndProject
Project("{9A19103F-16F7-4668-BE54-9A1E7A4F7556}") = "MementoPattern", "src\MementoPattern\MementoPattern.csproj", "{75DF56CF-860F-4FD1-99D0-9D4B671D43EE}"
EndProject
Project("{2150E333-8FDC-42A3-9474-1A3956D46DE8}") = "组合模式", "组合模式", "{0FE39FD8-575E-43F1-8AAE-6A8A19669215}"
EndProject
Project("{9A19103F-16F7-4668-BE54-9A1E7A4F7556}") = "CompositePattern", "src\CompositePattern\CompositePattern.csproj", "{3AF16B27-F727-4892-B572-390129108B53}"
EndProject
Project("{2150E333-8FDC-42A3-9474-1A3956D46DE8}") = "桥接模式", "桥接模式", "{C74DEF25-94C1-4095-BC62-0289887E9F13}"
EndProject
Project("{2150E333-8FDC-42A3-9474-1A3956D46DE8}") = "迭代器模式", "迭代器模式", "{8B645E59-139D-4FB0-ABFB-885E7B690265}"
EndProject
Project("{9A19103F-16F7-4668-BE54-9A1E7A4F7556}") = "Iterator", "src\Iterator\Iterator.csproj", "{CD57620C-79AD-4329-8BE8-BB3540337E19}"
EndProject
Project("{9A19103F-16F7-4668-BE54-9A1E7A4F7556}") = "BridgePattern", "src\BridgePattern\BridgePattern.csproj", "{7E0B02EB-00DD-483A-B9A2-AC087563BE6A}"
EndProject
Project("{2150E333-8FDC-42A3-9474-1A3956D46DE8}") = "命令模式", "命令模式", "{758C03E3-0744-437A-8C58-980AA961E208}"
EndProject
Project("{9A19103F-16F7-4668-BE54-9A1E7A4F7556}") = "CommandPattern", "src\CommandPattern\CommandPattern.csproj", "{5B351091-1E0E-488D-B112-15B68151B06C}"
EndProject
Project("{2150E333-8FDC-42A3-9474-1A3956D46DE8}") = "责任链模式", "责任链模式", "{35BE6AD4-B2AB-4DCC-A296-FBAB45C36CC1}"
EndProject
Project("{9A19103F-16F7-4668-BE54-9A1E7A4F7556}") = "ChainOfResponsibility", "src\ChainOfResponsibility\ChainOfResponsibility.csproj", "{B83A01ED-FCF3-4D12-B081-6DB910994D07}"
EndProject
Project("{2150E333-8FDC-42A3-9474-1A3956D46DE8}") = "中介者模式", "中介者模式", "{692B7078-9F53-4E06-BD9D-38A48D43F79D}"
EndProject
Project("{FAE04EC0-301F-11D3-BF4B-00C04F79EFBC}") = "MediatorPattern", "src\MediatorPattern\MediatorPattern.csproj", "{55981A78-F36B-4E61-BDF0-6CA01C7ECA59}"
EndProject
Project("{2150E333-8FDC-42A3-9474-1A3956D46DE8}") = "享元模式", "享元模式", "{CADC3948-3F13-4693-A6F9-32524CFEA574}"
EndProject
Project("{FAE04EC0-301F-11D3-BF4B-00C04F79EFBC}") = "FlyweightPattern", "src\FlyweightPattern\FlyweightPattern.csproj", "{F49663B9-0DB6-4B1A-A0B2-B6DDBC047142}"
EndProject
Project("{2150E333-8FDC-42A3-9474-1A3956D46DE8}") = "解释器模式", "解释器模式", "{F4AE6672-D7B1-48DC-A03A-03080EF30D5F}"
EndProject
Project("{FAE04EC0-301F-11D3-BF4B-00C04F79EFBC}") = "InterpreterPattern", "src\InterpreterPattern\InterpreterPattern.csproj", "{581CD663-4850-4C0F-A233-2C3D582D33B3}"
EndProject
Project("{2150E333-8FDC-42A3-9474-1A3956D46DE8}") = "访问者模式", "访问者模式", "{CCE1D7B4-4903-43CA-ACD8-A9D881768F74}"
EndProject
Project("{FAE04EC0-301F-11D3-BF4B-00C04F79EFBC}") = "VisitorPattern", "src\VisitorPattern\VisitorPattern.csproj", "{4FD3B3F1-9905-48D2-862C-5F03F6DB628B}"
EndProject
Global
	GlobalSection(SolutionConfigurationPlatforms) = preSolution
		Debug|Any CPU = Debug|Any CPU
		Debug|x64 = Debug|x64
		Debug|x86 = Debug|x86
		Release|Any CPU = Release|Any CPU
		Release|x64 = Release|x64
		Release|x86 = Release|x86
	EndGlobalSection
	GlobalSection(ProjectConfigurationPlatforms) = postSolution
		{FA0E942B-8AF3-4A44-A4D3-5FDCFD6C4964}.Debug|Any CPU.ActiveCfg = Debug|Any CPU
		{FA0E942B-8AF3-4A44-A4D3-5FDCFD6C4964}.Debug|Any CPU.Build.0 = Debug|Any CPU
		{FA0E942B-8AF3-4A44-A4D3-5FDCFD6C4964}.Debug|x64.ActiveCfg = Debug|Any CPU
		{FA0E942B-8AF3-4A44-A4D3-5FDCFD6C4964}.Debug|x64.Build.0 = Debug|Any CPU
		{FA0E942B-8AF3-4A44-A4D3-5FDCFD6C4964}.Debug|x86.ActiveCfg = Debug|Any CPU
		{FA0E942B-8AF3-4A44-A4D3-5FDCFD6C4964}.Debug|x86.Build.0 = Debug|Any CPU
		{FA0E942B-8AF3-4A44-A4D3-5FDCFD6C4964}.Release|Any CPU.ActiveCfg = Release|Any CPU
		{FA0E942B-8AF3-4A44-A4D3-5FDCFD6C4964}.Release|Any CPU.Build.0 = Release|Any CPU
		{FA0E942B-8AF3-4A44-A4D3-5FDCFD6C4964}.Release|x64.ActiveCfg = Release|Any CPU
		{FA0E942B-8AF3-4A44-A4D3-5FDCFD6C4964}.Release|x64.Build.0 = Release|Any CPU
		{FA0E942B-8AF3-4A44-A4D3-5FDCFD6C4964}.Release|x86.ActiveCfg = Release|Any CPU
		{FA0E942B-8AF3-4A44-A4D3-5FDCFD6C4964}.Release|x86.Build.0 = Release|Any CPU
		{6A747F79-784A-4B99-8BFE-C2E8B827DA34}.Debug|Any CPU.ActiveCfg = Debug|Any CPU
		{6A747F79-784A-4B99-8BFE-C2E8B827DA34}.Debug|Any CPU.Build.0 = Debug|Any CPU
		{6A747F79-784A-4B99-8BFE-C2E8B827DA34}.Debug|x64.ActiveCfg = Debug|Any CPU
		{6A747F79-784A-4B99-8BFE-C2E8B827DA34}.Debug|x64.Build.0 = Debug|Any CPU
		{6A747F79-784A-4B99-8BFE-C2E8B827DA34}.Debug|x86.ActiveCfg = Debug|Any CPU
		{6A747F79-784A-4B99-8BFE-C2E8B827DA34}.Debug|x86.Build.0 = Debug|Any CPU
		{6A747F79-784A-4B99-8BFE-C2E8B827DA34}.Release|Any CPU.ActiveCfg = Release|Any CPU
		{6A747F79-784A-4B99-8BFE-C2E8B827DA34}.Release|Any CPU.Build.0 = Release|Any CPU
		{6A747F79-784A-4B99-8BFE-C2E8B827DA34}.Release|x64.ActiveCfg = Release|Any CPU
		{6A747F79-784A-4B99-8BFE-C2E8B827DA34}.Release|x64.Build.0 = Release|Any CPU
		{6A747F79-784A-4B99-8BFE-C2E8B827DA34}.Release|x86.ActiveCfg = Release|Any CPU
		{6A747F79-784A-4B99-8BFE-C2E8B827DA34}.Release|x86.Build.0 = Release|Any CPU
		{920AE531-92E4-4248-B2ED-3E908548E4E0}.Debug|Any CPU.ActiveCfg = Debug|Any CPU
		{920AE531-92E4-4248-B2ED-3E908548E4E0}.Debug|Any CPU.Build.0 = Debug|Any CPU
		{920AE531-92E4-4248-B2ED-3E908548E4E0}.Debug|x64.ActiveCfg = Debug|Any CPU
		{920AE531-92E4-4248-B2ED-3E908548E4E0}.Debug|x64.Build.0 = Debug|Any CPU
		{920AE531-92E4-4248-B2ED-3E908548E4E0}.Debug|x86.ActiveCfg = Debug|Any CPU
		{920AE531-92E4-4248-B2ED-3E908548E4E0}.Debug|x86.Build.0 = Debug|Any CPU
		{920AE531-92E4-4248-B2ED-3E908548E4E0}.Release|Any CPU.ActiveCfg = Release|Any CPU
		{920AE531-92E4-4248-B2ED-3E908548E4E0}.Release|Any CPU.Build.0 = Release|Any CPU
		{920AE531-92E4-4248-B2ED-3E908548E4E0}.Release|x64.ActiveCfg = Release|Any CPU
		{920AE531-92E4-4248-B2ED-3E908548E4E0}.Release|x64.Build.0 = Release|Any CPU
		{920AE531-92E4-4248-B2ED-3E908548E4E0}.Release|x86.ActiveCfg = Release|Any CPU
		{920AE531-92E4-4248-B2ED-3E908548E4E0}.Release|x86.Build.0 = Release|Any CPU
		{9537C55D-56DF-4108-9D03-440D8ED406B5}.Debug|Any CPU.ActiveCfg = Debug|Any CPU
		{9537C55D-56DF-4108-9D03-440D8ED406B5}.Debug|Any CPU.Build.0 = Debug|Any CPU
		{9537C55D-56DF-4108-9D03-440D8ED406B5}.Debug|x64.ActiveCfg = Debug|Any CPU
		{9537C55D-56DF-4108-9D03-440D8ED406B5}.Debug|x64.Build.0 = Debug|Any CPU
		{9537C55D-56DF-4108-9D03-440D8ED406B5}.Debug|x86.ActiveCfg = Debug|Any CPU
		{9537C55D-56DF-4108-9D03-440D8ED406B5}.Debug|x86.Build.0 = Debug|Any CPU
		{9537C55D-56DF-4108-9D03-440D8ED406B5}.Release|Any CPU.ActiveCfg = Release|Any CPU
		{9537C55D-56DF-4108-9D03-440D8ED406B5}.Release|Any CPU.Build.0 = Release|Any CPU
		{9537C55D-56DF-4108-9D03-440D8ED406B5}.Release|x64.ActiveCfg = Release|Any CPU
		{9537C55D-56DF-4108-9D03-440D8ED406B5}.Release|x64.Build.0 = Release|Any CPU
		{9537C55D-56DF-4108-9D03-440D8ED406B5}.Release|x86.ActiveCfg = Release|Any CPU
		{9537C55D-56DF-4108-9D03-440D8ED406B5}.Release|x86.Build.0 = Release|Any CPU
		{865C37DF-0B7B-46D1-B2FA-1D3D6EF3C7AD}.Debug|Any CPU.ActiveCfg = Debug|Any CPU
		{865C37DF-0B7B-46D1-B2FA-1D3D6EF3C7AD}.Debug|Any CPU.Build.0 = Debug|Any CPU
		{865C37DF-0B7B-46D1-B2FA-1D3D6EF3C7AD}.Debug|x64.ActiveCfg = Debug|Any CPU
		{865C37DF-0B7B-46D1-B2FA-1D3D6EF3C7AD}.Debug|x64.Build.0 = Debug|Any CPU
		{865C37DF-0B7B-46D1-B2FA-1D3D6EF3C7AD}.Debug|x86.ActiveCfg = Debug|Any CPU
		{865C37DF-0B7B-46D1-B2FA-1D3D6EF3C7AD}.Debug|x86.Build.0 = Debug|Any CPU
		{865C37DF-0B7B-46D1-B2FA-1D3D6EF3C7AD}.Release|Any CPU.ActiveCfg = Release|Any CPU
		{865C37DF-0B7B-46D1-B2FA-1D3D6EF3C7AD}.Release|Any CPU.Build.0 = Release|Any CPU
		{865C37DF-0B7B-46D1-B2FA-1D3D6EF3C7AD}.Release|x64.ActiveCfg = Release|Any CPU
		{865C37DF-0B7B-46D1-B2FA-1D3D6EF3C7AD}.Release|x64.Build.0 = Release|Any CPU
		{865C37DF-0B7B-46D1-B2FA-1D3D6EF3C7AD}.Release|x86.ActiveCfg = Release|Any CPU
		{865C37DF-0B7B-46D1-B2FA-1D3D6EF3C7AD}.Release|x86.Build.0 = Release|Any CPU
		{7C33DD69-0C87-4BFF-B50E-4AB15AFF20D5}.Debug|Any CPU.ActiveCfg = Debug|Any CPU
		{7C33DD69-0C87-4BFF-B50E-4AB15AFF20D5}.Debug|Any CPU.Build.0 = Debug|Any CPU
		{7C33DD69-0C87-4BFF-B50E-4AB15AFF20D5}.Debug|x64.ActiveCfg = Debug|Any CPU
		{7C33DD69-0C87-4BFF-B50E-4AB15AFF20D5}.Debug|x64.Build.0 = Debug|Any CPU
		{7C33DD69-0C87-4BFF-B50E-4AB15AFF20D5}.Debug|x86.ActiveCfg = Debug|Any CPU
		{7C33DD69-0C87-4BFF-B50E-4AB15AFF20D5}.Debug|x86.Build.0 = Debug|Any CPU
		{7C33DD69-0C87-4BFF-B50E-4AB15AFF20D5}.Release|Any CPU.ActiveCfg = Release|Any CPU
		{7C33DD69-0C87-4BFF-B50E-4AB15AFF20D5}.Release|Any CPU.Build.0 = Release|Any CPU
		{7C33DD69-0C87-4BFF-B50E-4AB15AFF20D5}.Release|x64.ActiveCfg = Release|Any CPU
		{7C33DD69-0C87-4BFF-B50E-4AB15AFF20D5}.Release|x64.Build.0 = Release|Any CPU
		{7C33DD69-0C87-4BFF-B50E-4AB15AFF20D5}.Release|x86.ActiveCfg = Release|Any CPU
		{7C33DD69-0C87-4BFF-B50E-4AB15AFF20D5}.Release|x86.Build.0 = Release|Any CPU
		{8CAF5D50-FC19-4B55-800F-1FCAAFF5B474}.Debug|Any CPU.ActiveCfg = Debug|Any CPU
		{8CAF5D50-FC19-4B55-800F-1FCAAFF5B474}.Debug|Any CPU.Build.0 = Debug|Any CPU
		{8CAF5D50-FC19-4B55-800F-1FCAAFF5B474}.Debug|x64.ActiveCfg = Debug|Any CPU
		{8CAF5D50-FC19-4B55-800F-1FCAAFF5B474}.Debug|x64.Build.0 = Debug|Any CPU
		{8CAF5D50-FC19-4B55-800F-1FCAAFF5B474}.Debug|x86.ActiveCfg = Debug|Any CPU
		{8CAF5D50-FC19-4B55-800F-1FCAAFF5B474}.Debug|x86.Build.0 = Debug|Any CPU
		{8CAF5D50-FC19-4B55-800F-1FCAAFF5B474}.Release|Any CPU.ActiveCfg = Release|Any CPU
		{8CAF5D50-FC19-4B55-800F-1FCAAFF5B474}.Release|Any CPU.Build.0 = Release|Any CPU
		{8CAF5D50-FC19-4B55-800F-1FCAAFF5B474}.Release|x64.ActiveCfg = Release|Any CPU
		{8CAF5D50-FC19-4B55-800F-1FCAAFF5B474}.Release|x64.Build.0 = Release|Any CPU
		{8CAF5D50-FC19-4B55-800F-1FCAAFF5B474}.Release|x86.ActiveCfg = Release|Any CPU
		{8CAF5D50-FC19-4B55-800F-1FCAAFF5B474}.Release|x86.Build.0 = Release|Any CPU
		{968EDCC2-5B71-48F2-AD00-1D8EBC01F7BC}.Debug|Any CPU.ActiveCfg = Debug|Any CPU
		{968EDCC2-5B71-48F2-AD00-1D8EBC01F7BC}.Debug|Any CPU.Build.0 = Debug|Any CPU
		{968EDCC2-5B71-48F2-AD00-1D8EBC01F7BC}.Debug|x64.ActiveCfg = Debug|Any CPU
		{968EDCC2-5B71-48F2-AD00-1D8EBC01F7BC}.Debug|x64.Build.0 = Debug|Any CPU
		{968EDCC2-5B71-48F2-AD00-1D8EBC01F7BC}.Debug|x86.ActiveCfg = Debug|Any CPU
		{968EDCC2-5B71-48F2-AD00-1D8EBC01F7BC}.Debug|x86.Build.0 = Debug|Any CPU
		{968EDCC2-5B71-48F2-AD00-1D8EBC01F7BC}.Release|Any CPU.ActiveCfg = Release|Any CPU
		{968EDCC2-5B71-48F2-AD00-1D8EBC01F7BC}.Release|Any CPU.Build.0 = Release|Any CPU
		{968EDCC2-5B71-48F2-AD00-1D8EBC01F7BC}.Release|x64.ActiveCfg = Release|Any CPU
		{968EDCC2-5B71-48F2-AD00-1D8EBC01F7BC}.Release|x64.Build.0 = Release|Any CPU
		{968EDCC2-5B71-48F2-AD00-1D8EBC01F7BC}.Release|x86.ActiveCfg = Release|Any CPU
		{968EDCC2-5B71-48F2-AD00-1D8EBC01F7BC}.Release|x86.Build.0 = Release|Any CPU
		{18714705-9A81-4358-BC27-85A98A72FD61}.Debug|Any CPU.ActiveCfg = Debug|Any CPU
		{18714705-9A81-4358-BC27-85A98A72FD61}.Debug|Any CPU.Build.0 = Debug|Any CPU
		{18714705-9A81-4358-BC27-85A98A72FD61}.Debug|x64.ActiveCfg = Debug|Any CPU
		{18714705-9A81-4358-BC27-85A98A72FD61}.Debug|x64.Build.0 = Debug|Any CPU
		{18714705-9A81-4358-BC27-85A98A72FD61}.Debug|x86.ActiveCfg = Debug|Any CPU
		{18714705-9A81-4358-BC27-85A98A72FD61}.Debug|x86.Build.0 = Debug|Any CPU
		{18714705-9A81-4358-BC27-85A98A72FD61}.Release|Any CPU.ActiveCfg = Release|Any CPU
		{18714705-9A81-4358-BC27-85A98A72FD61}.Release|Any CPU.Build.0 = Release|Any CPU
		{18714705-9A81-4358-BC27-85A98A72FD61}.Release|x64.ActiveCfg = Release|Any CPU
		{18714705-9A81-4358-BC27-85A98A72FD61}.Release|x64.Build.0 = Release|Any CPU
		{18714705-9A81-4358-BC27-85A98A72FD61}.Release|x86.ActiveCfg = Release|Any CPU
		{18714705-9A81-4358-BC27-85A98A72FD61}.Release|x86.Build.0 = Release|Any CPU
		{C8658EE4-25D7-4EAE-9615-5FD3BAFDB493}.Debug|Any CPU.ActiveCfg = Debug|Any CPU
		{C8658EE4-25D7-4EAE-9615-5FD3BAFDB493}.Debug|Any CPU.Build.0 = Debug|Any CPU
		{C8658EE4-25D7-4EAE-9615-5FD3BAFDB493}.Debug|x64.ActiveCfg = Debug|Any CPU
		{C8658EE4-25D7-4EAE-9615-5FD3BAFDB493}.Debug|x64.Build.0 = Debug|Any CPU
		{C8658EE4-25D7-4EAE-9615-5FD3BAFDB493}.Debug|x86.ActiveCfg = Debug|Any CPU
		{C8658EE4-25D7-4EAE-9615-5FD3BAFDB493}.Debug|x86.Build.0 = Debug|Any CPU
		{C8658EE4-25D7-4EAE-9615-5FD3BAFDB493}.Release|Any CPU.ActiveCfg = Release|Any CPU
		{C8658EE4-25D7-4EAE-9615-5FD3BAFDB493}.Release|Any CPU.Build.0 = Release|Any CPU
		{C8658EE4-25D7-4EAE-9615-5FD3BAFDB493}.Release|x64.ActiveCfg = Release|Any CPU
		{C8658EE4-25D7-4EAE-9615-5FD3BAFDB493}.Release|x64.Build.0 = Release|Any CPU
		{C8658EE4-25D7-4EAE-9615-5FD3BAFDB493}.Release|x86.ActiveCfg = Release|Any CPU
		{C8658EE4-25D7-4EAE-9615-5FD3BAFDB493}.Release|x86.Build.0 = Release|Any CPU
		{58A90104-E62E-4BC9-AA0E-1D59FCF1B3D6}.Debug|Any CPU.ActiveCfg = Debug|Any CPU
		{58A90104-E62E-4BC9-AA0E-1D59FCF1B3D6}.Debug|Any CPU.Build.0 = Debug|Any CPU
		{58A90104-E62E-4BC9-AA0E-1D59FCF1B3D6}.Debug|x64.ActiveCfg = Debug|Any CPU
		{58A90104-E62E-4BC9-AA0E-1D59FCF1B3D6}.Debug|x64.Build.0 = Debug|Any CPU
		{58A90104-E62E-4BC9-AA0E-1D59FCF1B3D6}.Debug|x86.ActiveCfg = Debug|Any CPU
		{58A90104-E62E-4BC9-AA0E-1D59FCF1B3D6}.Debug|x86.Build.0 = Debug|Any CPU
		{58A90104-E62E-4BC9-AA0E-1D59FCF1B3D6}.Release|Any CPU.ActiveCfg = Release|Any CPU
		{58A90104-E62E-4BC9-AA0E-1D59FCF1B3D6}.Release|Any CPU.Build.0 = Release|Any CPU
		{58A90104-E62E-4BC9-AA0E-1D59FCF1B3D6}.Release|x64.ActiveCfg = Release|Any CPU
		{58A90104-E62E-4BC9-AA0E-1D59FCF1B3D6}.Release|x64.Build.0 = Release|Any CPU
		{58A90104-E62E-4BC9-AA0E-1D59FCF1B3D6}.Release|x86.ActiveCfg = Release|Any CPU
		{58A90104-E62E-4BC9-AA0E-1D59FCF1B3D6}.Release|x86.Build.0 = Release|Any CPU
		{279E7CE7-5BBB-4A83-8089-9C6ECB47D6F5}.Debug|Any CPU.ActiveCfg = Debug|Any CPU
		{279E7CE7-5BBB-4A83-8089-9C6ECB47D6F5}.Debug|Any CPU.Build.0 = Debug|Any CPU
		{279E7CE7-5BBB-4A83-8089-9C6ECB47D6F5}.Debug|x64.ActiveCfg = Debug|Any CPU
		{279E7CE7-5BBB-4A83-8089-9C6ECB47D6F5}.Debug|x64.Build.0 = Debug|Any CPU
		{279E7CE7-5BBB-4A83-8089-9C6ECB47D6F5}.Debug|x86.ActiveCfg = Debug|Any CPU
		{279E7CE7-5BBB-4A83-8089-9C6ECB47D6F5}.Debug|x86.Build.0 = Debug|Any CPU
		{279E7CE7-5BBB-4A83-8089-9C6ECB47D6F5}.Release|Any CPU.ActiveCfg = Release|Any CPU
		{279E7CE7-5BBB-4A83-8089-9C6ECB47D6F5}.Release|Any CPU.Build.0 = Release|Any CPU
		{279E7CE7-5BBB-4A83-8089-9C6ECB47D6F5}.Release|x64.ActiveCfg = Release|Any CPU
		{279E7CE7-5BBB-4A83-8089-9C6ECB47D6F5}.Release|x64.Build.0 = Release|Any CPU
		{279E7CE7-5BBB-4A83-8089-9C6ECB47D6F5}.Release|x86.ActiveCfg = Release|Any CPU
		{279E7CE7-5BBB-4A83-8089-9C6ECB47D6F5}.Release|x86.Build.0 = Release|Any CPU
		{416F3701-8820-446A-8E57-28E3126EDFD4}.Debug|Any CPU.ActiveCfg = Debug|Any CPU
		{416F3701-8820-446A-8E57-28E3126EDFD4}.Debug|Any CPU.Build.0 = Debug|Any CPU
		{416F3701-8820-446A-8E57-28E3126EDFD4}.Debug|x64.ActiveCfg = Debug|Any CPU
		{416F3701-8820-446A-8E57-28E3126EDFD4}.Debug|x64.Build.0 = Debug|Any CPU
		{416F3701-8820-446A-8E57-28E3126EDFD4}.Debug|x86.ActiveCfg = Debug|Any CPU
		{416F3701-8820-446A-8E57-28E3126EDFD4}.Debug|x86.Build.0 = Debug|Any CPU
		{416F3701-8820-446A-8E57-28E3126EDFD4}.Release|Any CPU.ActiveCfg = Release|Any CPU
		{416F3701-8820-446A-8E57-28E3126EDFD4}.Release|Any CPU.Build.0 = Release|Any CPU
		{416F3701-8820-446A-8E57-28E3126EDFD4}.Release|x64.ActiveCfg = Release|Any CPU
		{416F3701-8820-446A-8E57-28E3126EDFD4}.Release|x64.Build.0 = Release|Any CPU
		{416F3701-8820-446A-8E57-28E3126EDFD4}.Release|x86.ActiveCfg = Release|Any CPU
		{416F3701-8820-446A-8E57-28E3126EDFD4}.Release|x86.Build.0 = Release|Any CPU
		{A76EA12E-7E8A-43F3-A572-6EEB46A958F9}.Debug|Any CPU.ActiveCfg = Debug|Any CPU
		{A76EA12E-7E8A-43F3-A572-6EEB46A958F9}.Debug|Any CPU.Build.0 = Debug|Any CPU
		{A76EA12E-7E8A-43F3-A572-6EEB46A958F9}.Debug|x64.ActiveCfg = Debug|Any CPU
		{A76EA12E-7E8A-43F3-A572-6EEB46A958F9}.Debug|x64.Build.0 = Debug|Any CPU
		{A76EA12E-7E8A-43F3-A572-6EEB46A958F9}.Debug|x86.ActiveCfg = Debug|Any CPU
		{A76EA12E-7E8A-43F3-A572-6EEB46A958F9}.Debug|x86.Build.0 = Debug|Any CPU
		{A76EA12E-7E8A-43F3-A572-6EEB46A958F9}.Release|Any CPU.ActiveCfg = Release|Any CPU
		{A76EA12E-7E8A-43F3-A572-6EEB46A958F9}.Release|Any CPU.Build.0 = Release|Any CPU
		{A76EA12E-7E8A-43F3-A572-6EEB46A958F9}.Release|x64.ActiveCfg = Release|Any CPU
		{A76EA12E-7E8A-43F3-A572-6EEB46A958F9}.Release|x64.Build.0 = Release|Any CPU
		{A76EA12E-7E8A-43F3-A572-6EEB46A958F9}.Release|x86.ActiveCfg = Release|Any CPU
		{A76EA12E-7E8A-43F3-A572-6EEB46A958F9}.Release|x86.Build.0 = Release|Any CPU
		{75DF56CF-860F-4FD1-99D0-9D4B671D43EE}.Debug|Any CPU.ActiveCfg = Debug|Any CPU
		{75DF56CF-860F-4FD1-99D0-9D4B671D43EE}.Debug|Any CPU.Build.0 = Debug|Any CPU
		{75DF56CF-860F-4FD1-99D0-9D4B671D43EE}.Debug|x64.ActiveCfg = Debug|Any CPU
		{75DF56CF-860F-4FD1-99D0-9D4B671D43EE}.Debug|x64.Build.0 = Debug|Any CPU
		{75DF56CF-860F-4FD1-99D0-9D4B671D43EE}.Debug|x86.ActiveCfg = Debug|Any CPU
		{75DF56CF-860F-4FD1-99D0-9D4B671D43EE}.Debug|x86.Build.0 = Debug|Any CPU
		{75DF56CF-860F-4FD1-99D0-9D4B671D43EE}.Release|Any CPU.ActiveCfg = Release|Any CPU
		{75DF56CF-860F-4FD1-99D0-9D4B671D43EE}.Release|Any CPU.Build.0 = Release|Any CPU
		{75DF56CF-860F-4FD1-99D0-9D4B671D43EE}.Release|x64.ActiveCfg = Release|Any CPU
		{75DF56CF-860F-4FD1-99D0-9D4B671D43EE}.Release|x64.Build.0 = Release|Any CPU
		{75DF56CF-860F-4FD1-99D0-9D4B671D43EE}.Release|x86.ActiveCfg = Release|Any CPU
		{75DF56CF-860F-4FD1-99D0-9D4B671D43EE}.Release|x86.Build.0 = Release|Any CPU
		{3AF16B27-F727-4892-B572-390129108B53}.Debug|Any CPU.ActiveCfg = Debug|Any CPU
		{3AF16B27-F727-4892-B572-390129108B53}.Debug|Any CPU.Build.0 = Debug|Any CPU
		{3AF16B27-F727-4892-B572-390129108B53}.Debug|x64.ActiveCfg = Debug|Any CPU
		{3AF16B27-F727-4892-B572-390129108B53}.Debug|x64.Build.0 = Debug|Any CPU
		{3AF16B27-F727-4892-B572-390129108B53}.Debug|x86.ActiveCfg = Debug|Any CPU
		{3AF16B27-F727-4892-B572-390129108B53}.Debug|x86.Build.0 = Debug|Any CPU
		{3AF16B27-F727-4892-B572-390129108B53}.Release|Any CPU.ActiveCfg = Release|Any CPU
		{3AF16B27-F727-4892-B572-390129108B53}.Release|Any CPU.Build.0 = Release|Any CPU
		{3AF16B27-F727-4892-B572-390129108B53}.Release|x64.ActiveCfg = Release|Any CPU
		{3AF16B27-F727-4892-B572-390129108B53}.Release|x64.Build.0 = Release|Any CPU
		{3AF16B27-F727-4892-B572-390129108B53}.Release|x86.ActiveCfg = Release|Any CPU
		{3AF16B27-F727-4892-B572-390129108B53}.Release|x86.Build.0 = Release|Any CPU
		{CD57620C-79AD-4329-8BE8-BB3540337E19}.Debug|Any CPU.ActiveCfg = Debug|Any CPU
		{CD57620C-79AD-4329-8BE8-BB3540337E19}.Debug|Any CPU.Build.0 = Debug|Any CPU
		{CD57620C-79AD-4329-8BE8-BB3540337E19}.Debug|x64.ActiveCfg = Debug|Any CPU
		{CD57620C-79AD-4329-8BE8-BB3540337E19}.Debug|x64.Build.0 = Debug|Any CPU
		{CD57620C-79AD-4329-8BE8-BB3540337E19}.Debug|x86.ActiveCfg = Debug|Any CPU
		{CD57620C-79AD-4329-8BE8-BB3540337E19}.Debug|x86.Build.0 = Debug|Any CPU
		{CD57620C-79AD-4329-8BE8-BB3540337E19}.Release|Any CPU.ActiveCfg = Release|Any CPU
		{CD57620C-79AD-4329-8BE8-BB3540337E19}.Release|Any CPU.Build.0 = Release|Any CPU
		{CD57620C-79AD-4329-8BE8-BB3540337E19}.Release|x64.ActiveCfg = Release|Any CPU
		{CD57620C-79AD-4329-8BE8-BB3540337E19}.Release|x64.Build.0 = Release|Any CPU
		{CD57620C-79AD-4329-8BE8-BB3540337E19}.Release|x86.ActiveCfg = Release|Any CPU
		{CD57620C-79AD-4329-8BE8-BB3540337E19}.Release|x86.Build.0 = Release|Any CPU
		{7E0B02EB-00DD-483A-B9A2-AC087563BE6A}.Debug|Any CPU.ActiveCfg = Debug|Any CPU
		{7E0B02EB-00DD-483A-B9A2-AC087563BE6A}.Debug|Any CPU.Build.0 = Debug|Any CPU
		{7E0B02EB-00DD-483A-B9A2-AC087563BE6A}.Debug|x64.ActiveCfg = Debug|Any CPU
		{7E0B02EB-00DD-483A-B9A2-AC087563BE6A}.Debug|x64.Build.0 = Debug|Any CPU
		{7E0B02EB-00DD-483A-B9A2-AC087563BE6A}.Debug|x86.ActiveCfg = Debug|Any CPU
		{7E0B02EB-00DD-483A-B9A2-AC087563BE6A}.Debug|x86.Build.0 = Debug|Any CPU
		{7E0B02EB-00DD-483A-B9A2-AC087563BE6A}.Release|Any CPU.ActiveCfg = Release|Any CPU
		{7E0B02EB-00DD-483A-B9A2-AC087563BE6A}.Release|Any CPU.Build.0 = Release|Any CPU
		{7E0B02EB-00DD-483A-B9A2-AC087563BE6A}.Release|x64.ActiveCfg = Release|Any CPU
		{7E0B02EB-00DD-483A-B9A2-AC087563BE6A}.Release|x64.Build.0 = Release|Any CPU
		{7E0B02EB-00DD-483A-B9A2-AC087563BE6A}.Release|x86.ActiveCfg = Release|Any CPU
		{7E0B02EB-00DD-483A-B9A2-AC087563BE6A}.Release|x86.Build.0 = Release|Any CPU
		{5B351091-1E0E-488D-B112-15B68151B06C}.Debug|Any CPU.ActiveCfg = Debug|Any CPU
		{5B351091-1E0E-488D-B112-15B68151B06C}.Debug|Any CPU.Build.0 = Debug|Any CPU
		{5B351091-1E0E-488D-B112-15B68151B06C}.Debug|x64.ActiveCfg = Debug|Any CPU
		{5B351091-1E0E-488D-B112-15B68151B06C}.Debug|x64.Build.0 = Debug|Any CPU
		{5B351091-1E0E-488D-B112-15B68151B06C}.Debug|x86.ActiveCfg = Debug|Any CPU
		{5B351091-1E0E-488D-B112-15B68151B06C}.Debug|x86.Build.0 = Debug|Any CPU
		{5B351091-1E0E-488D-B112-15B68151B06C}.Release|Any CPU.ActiveCfg = Release|Any CPU
		{5B351091-1E0E-488D-B112-15B68151B06C}.Release|Any CPU.Build.0 = Release|Any CPU
		{5B351091-1E0E-488D-B112-15B68151B06C}.Release|x64.ActiveCfg = Release|Any CPU
		{5B351091-1E0E-488D-B112-15B68151B06C}.Release|x64.Build.0 = Release|Any CPU
		{5B351091-1E0E-488D-B112-15B68151B06C}.Release|x86.ActiveCfg = Release|Any CPU
		{5B351091-1E0E-488D-B112-15B68151B06C}.Release|x86.Build.0 = Release|Any CPU
		{B83A01ED-FCF3-4D12-B081-6DB910994D07}.Debug|Any CPU.ActiveCfg = Debug|Any CPU
		{B83A01ED-FCF3-4D12-B081-6DB910994D07}.Debug|Any CPU.Build.0 = Debug|Any CPU
		{B83A01ED-FCF3-4D12-B081-6DB910994D07}.Debug|x64.ActiveCfg = Debug|Any CPU
		{B83A01ED-FCF3-4D12-B081-6DB910994D07}.Debug|x64.Build.0 = Debug|Any CPU
		{B83A01ED-FCF3-4D12-B081-6DB910994D07}.Debug|x86.ActiveCfg = Debug|Any CPU
		{B83A01ED-FCF3-4D12-B081-6DB910994D07}.Debug|x86.Build.0 = Debug|Any CPU
		{B83A01ED-FCF3-4D12-B081-6DB910994D07}.Release|Any CPU.ActiveCfg = Release|Any CPU
		{B83A01ED-FCF3-4D12-B081-6DB910994D07}.Release|Any CPU.Build.0 = Release|Any CPU
		{B83A01ED-FCF3-4D12-B081-6DB910994D07}.Release|x64.ActiveCfg = Release|Any CPU
		{B83A01ED-FCF3-4D12-B081-6DB910994D07}.Release|x64.Build.0 = Release|Any CPU
		{B83A01ED-FCF3-4D12-B081-6DB910994D07}.Release|x86.ActiveCfg = Release|Any CPU
		{B83A01ED-FCF3-4D12-B081-6DB910994D07}.Release|x86.Build.0 = Release|Any CPU
		{55981A78-F36B-4E61-BDF0-6CA01C7ECA59}.Debug|Any CPU.ActiveCfg = Debug|Any CPU
		{55981A78-F36B-4E61-BDF0-6CA01C7ECA59}.Debug|Any CPU.Build.0 = Debug|Any CPU
		{55981A78-F36B-4E61-BDF0-6CA01C7ECA59}.Debug|x64.ActiveCfg = Debug|Any CPU
		{55981A78-F36B-4E61-BDF0-6CA01C7ECA59}.Debug|x64.Build.0 = Debug|Any CPU
		{55981A78-F36B-4E61-BDF0-6CA01C7ECA59}.Debug|x86.ActiveCfg = Debug|Any CPU
		{55981A78-F36B-4E61-BDF0-6CA01C7ECA59}.Debug|x86.Build.0 = Debug|Any CPU
		{55981A78-F36B-4E61-BDF0-6CA01C7ECA59}.Release|Any CPU.ActiveCfg = Release|Any CPU
		{55981A78-F36B-4E61-BDF0-6CA01C7ECA59}.Release|Any CPU.Build.0 = Release|Any CPU
		{55981A78-F36B-4E61-BDF0-6CA01C7ECA59}.Release|x64.ActiveCfg = Release|Any CPU
		{55981A78-F36B-4E61-BDF0-6CA01C7ECA59}.Release|x64.Build.0 = Release|Any CPU
		{55981A78-F36B-4E61-BDF0-6CA01C7ECA59}.Release|x86.ActiveCfg = Release|Any CPU
		{55981A78-F36B-4E61-BDF0-6CA01C7ECA59}.Release|x86.Build.0 = Release|Any CPU
		{F49663B9-0DB6-4B1A-A0B2-B6DDBC047142}.Debug|Any CPU.ActiveCfg = Debug|Any CPU
		{F49663B9-0DB6-4B1A-A0B2-B6DDBC047142}.Debug|Any CPU.Build.0 = Debug|Any CPU
		{F49663B9-0DB6-4B1A-A0B2-B6DDBC047142}.Debug|x64.ActiveCfg = Debug|Any CPU
		{F49663B9-0DB6-4B1A-A0B2-B6DDBC047142}.Debug|x64.Build.0 = Debug|Any CPU
		{F49663B9-0DB6-4B1A-A0B2-B6DDBC047142}.Debug|x86.ActiveCfg = Debug|Any CPU
		{F49663B9-0DB6-4B1A-A0B2-B6DDBC047142}.Debug|x86.Build.0 = Debug|Any CPU
		{F49663B9-0DB6-4B1A-A0B2-B6DDBC047142}.Release|Any CPU.ActiveCfg = Release|Any CPU
		{F49663B9-0DB6-4B1A-A0B2-B6DDBC047142}.Release|Any CPU.Build.0 = Release|Any CPU
		{F49663B9-0DB6-4B1A-A0B2-B6DDBC047142}.Release|x64.ActiveCfg = Release|Any CPU
		{F49663B9-0DB6-4B1A-A0B2-B6DDBC047142}.Release|x64.Build.0 = Release|Any CPU
		{F49663B9-0DB6-4B1A-A0B2-B6DDBC047142}.Release|x86.ActiveCfg = Release|Any CPU
		{F49663B9-0DB6-4B1A-A0B2-B6DDBC047142}.Release|x86.Build.0 = Release|Any CPU
		{581CD663-4850-4C0F-A233-2C3D582D33B3}.Debug|Any CPU.ActiveCfg = Debug|Any CPU
		{581CD663-4850-4C0F-A233-2C3D582D33B3}.Debug|Any CPU.Build.0 = Debug|Any CPU
		{581CD663-4850-4C0F-A233-2C3D582D33B3}.Debug|x64.ActiveCfg = Debug|Any CPU
		{581CD663-4850-4C0F-A233-2C3D582D33B3}.Debug|x64.Build.0 = Debug|Any CPU
		{581CD663-4850-4C0F-A233-2C3D582D33B3}.Debug|x86.ActiveCfg = Debug|Any CPU
		{581CD663-4850-4C0F-A233-2C3D582D33B3}.Debug|x86.Build.0 = Debug|Any CPU
		{581CD663-4850-4C0F-A233-2C3D582D33B3}.Release|Any CPU.ActiveCfg = Release|Any CPU
		{581CD663-4850-4C0F-A233-2C3D582D33B3}.Release|Any CPU.Build.0 = Release|Any CPU
		{581CD663-4850-4C0F-A233-2C3D582D33B3}.Release|x64.ActiveCfg = Release|Any CPU
		{581CD663-4850-4C0F-A233-2C3D582D33B3}.Release|x64.Build.0 = Release|Any CPU
		{581CD663-4850-4C0F-A233-2C3D582D33B3}.Release|x86.ActiveCfg = Release|Any CPU
		{581CD663-4850-4C0F-A233-2C3D582D33B3}.Release|x86.Build.0 = Release|Any CPU
		{4FD3B3F1-9905-48D2-862C-5F03F6DB628B}.Debug|Any CPU.ActiveCfg = Debug|Any CPU
		{4FD3B3F1-9905-48D2-862C-5F03F6DB628B}.Debug|Any CPU.Build.0 = Debug|Any CPU
		{4FD3B3F1-9905-48D2-862C-5F03F6DB628B}.Debug|x64.ActiveCfg = Debug|Any CPU
		{4FD3B3F1-9905-48D2-862C-5F03F6DB628B}.Debug|x64.Build.0 = Debug|Any CPU
		{4FD3B3F1-9905-48D2-862C-5F03F6DB628B}.Debug|x86.ActiveCfg = Debug|Any CPU
		{4FD3B3F1-9905-48D2-862C-5F03F6DB628B}.Debug|x86.Build.0 = Debug|Any CPU
		{4FD3B3F1-9905-48D2-862C-5F03F6DB628B}.Release|Any CPU.ActiveCfg = Release|Any CPU
		{4FD3B3F1-9905-48D2-862C-5F03F6DB628B}.Release|Any CPU.Build.0 = Release|Any CPU
		{4FD3B3F1-9905-48D2-862C-5F03F6DB628B}.Release|x64.ActiveCfg = Release|Any CPU
		{4FD3B3F1-9905-48D2-862C-5F03F6DB628B}.Release|x64.Build.0 = Release|Any CPU
		{4FD3B3F1-9905-48D2-862C-5F03F6DB628B}.Release|x86.ActiveCfg = Release|Any CPU
		{4FD3B3F1-9905-48D2-862C-5F03F6DB628B}.Release|x86.Build.0 = Release|Any CPU
	EndGlobalSection
	GlobalSection(SolutionProperties) = preSolution
		HideSolutionNode = FALSE
	EndGlobalSection
	GlobalSection(NestedProjects) = preSolution
		{FA0E942B-8AF3-4A44-A4D3-5FDCFD6C4964} = {A803929D-4142-4A81-AF8D-14E775D0FD0B}
		{6A747F79-784A-4B99-8BFE-C2E8B827DA34} = {FE05B124-107E-4322-B7F1-369AB476D7D6}
		{920AE531-92E4-4248-B2ED-3E908548E4E0} = {382B3FE6-87E7-4476-B71A-111B766AA742}
		{9537C55D-56DF-4108-9D03-440D8ED406B5} = {37B40B8F-3914-4F1A-8A26-230F3D7E58BE}
		{865C37DF-0B7B-46D1-B2FA-1D3D6EF3C7AD} = {023FE1D5-4697-417E-AA77-4E9B614C5C7C}
		{7C33DD69-0C87-4BFF-B50E-4AB15AFF20D5} = {B4D670FF-C8EB-4DD2-B99F-1712446CF9C3}
		{8CAF5D50-FC19-4B55-800F-1FCAAFF5B474} = {2985D480-D3D3-4C94-8F72-07BBA41703FB}
		{968EDCC2-5B71-48F2-AD00-1D8EBC01F7BC} = {BEAFEFF7-7D3B-4725-92DD-931F7D9FFDEF}
		{18714705-9A81-4358-BC27-85A98A72FD61} = {8C195587-07FB-48AA-B1F2-F848FB264F1C}
		{C8658EE4-25D7-4EAE-9615-5FD3BAFDB493} = {F3B4F02D-C7BB-4926-A517-4FB68095B9FF}
		{58A90104-E62E-4BC9-AA0E-1D59FCF1B3D6} = {355D0D87-1CD7-49CB-BB87-8D272E4F74B4}
		{279E7CE7-5BBB-4A83-8089-9C6ECB47D6F5} = {44FFD47C-0A4F-4422-B4EF-C344C51A8F87}
		{416F3701-8820-446A-8E57-28E3126EDFD4} = {226AF5B3-BD84-442D-B78B-FFF1E7738696}
		{A76EA12E-7E8A-43F3-A572-6EEB46A958F9} = {AF84C38A-777C-41DE-A240-1E604BADF32C}
		{75DF56CF-860F-4FD1-99D0-9D4B671D43EE} = {AD567C17-5E5D-4692-8490-294D6F97F7F6}
		{3AF16B27-F727-4892-B572-390129108B53} = {0FE39FD8-575E-43F1-8AAE-6A8A19669215}
		{CD57620C-79AD-4329-8BE8-BB3540337E19} = {8B645E59-139D-4FB0-ABFB-885E7B690265}
		{7E0B02EB-00DD-483A-B9A2-AC087563BE6A} = {C74DEF25-94C1-4095-BC62-0289887E9F13}
		{5B351091-1E0E-488D-B112-15B68151B06C} = {758C03E3-0744-437A-8C58-980AA961E208}
		{B83A01ED-FCF3-4D12-B081-6DB910994D07} = {35BE6AD4-B2AB-4DCC-A296-FBAB45C36CC1}
		{55981A78-F36B-4E61-BDF0-6CA01C7ECA59} = {692B7078-9F53-4E06-BD9D-38A48D43F79D}
		{F49663B9-0DB6-4B1A-A0B2-B6DDBC047142} = {CADC3948-3F13-4693-A6F9-32524CFEA574}
		{581CD663-4850-4C0F-A233-2C3D582D33B3} = {F4AE6672-D7B1-48DC-A03A-03080EF30D5F}
		{4FD3B3F1-9905-48D2-862C-5F03F6DB628B} = {CCE1D7B4-4903-43CA-ACD8-A9D881768F74}
	EndGlobalSection
	GlobalSection(ExtensibilityGlobals) = postSolution
		SolutionGuid = {16EB2821-2690-4FB9-9010-87928455E735}
	EndGlobalSection
EndGlobal
